
Microsoft Visual Studio Solution File, Format Version 12.00
# Visual Studio Version 17
VisualStudioVersion = 17.14.36603.0 d17.14
MinimumVisualStudioVersion = 10.0.40219.1
Project("{FAE04EC0-301F-11D3-BF4B-00C04F79EFBC}") = "syncversestudio", "syncversestudio\syncversestudio.csproj", "{38AECD8D-7C96-4B5A-8D3B-1ACA6E510D20}"
EndProject
Global
	GlobalSection(SolutionConfigurationPlatforms) = preSolution
		Debug|Any CPU = Debug|Any CPU
		Release|Any CPU = Release|Any CPU
	EndGlobalSection
	GlobalSection(ProjectConfigurationPlatforms) = postSolution
		{38AECD8D-7C96-4B5A-8D3B-1ACA6E510D20}.Debug|Any CPU.ActiveCfg = Debug|Any CPU
		{38AECD8D-7C96-4B5A-8D3B-1ACA6E510D20}.Debug|Any CPU.Build.0 = Debug|Any CPU
		{38AECD8D-7C96-4B5A-8D3B-1ACA6E510D20}.Release|Any CPU.ActiveCfg = Release|Any CPU
		{38AECD8D-7C96-4B5A-8D3B-1ACA6E510D20}.Release|Any CPU.Build.0 = Release|Any CPU
	EndGlobalSection
	GlobalSection(SolutionProperties) = preSolution
		HideSolutionNode = FALSE
	EndGlobalSection
	GlobalSection(ExtensibilityGlobals) = postSolution
		SolutionGuid = {866C5F6D-6679-471E-B572-FDC55DF21CBD}
	EndGlobalSection
EndGlobal
